{
  "nodes": {
    "deploy-rs": {
      "inputs": {
        "flake-compat": "flake-compat",
        "naersk": "naersk",
        "nixpkgs": [
          "nixpkgs"
        ],
        "utils": [
          "flake-utils"
        ]
      },
      "locked": {
        "lastModified": 1628752686,
        "narHash": "sha256-Lzh9MYUJDsjgif+YEyOErXtj1IH+ci8J1C30g1ms69s=",
        "owner": "serokell",
        "repo": "deploy-rs",
        "rev": "e5546f9c2503c26d175f08a81fc0a0f330be4cbe",
        "type": "github"
      },
      "original": {
        "owner": "serokell",
        "repo": "deploy-rs",
        "type": "github"
      }
    },
    "flake-compat": {
      "flake": false,
      "locked": {
        "lastModified": 1606424373,
        "narHash": "sha256-oq8d4//CJOrVj+EcOaSXvMebvuTkmBJuT5tzlfewUnQ=",
        "owner": "edolstra",
        "repo": "flake-compat",
        "rev": "99f1c2157fba4bfe6211a321fd0ee43199025dbf",
        "type": "github"
      },
      "original": {
        "owner": "edolstra",
        "repo": "flake-compat",
        "type": "github"
      }
    },
    "flake-utils": {
      "locked": {
        "lastModified": 1629481132,
        "narHash": "sha256-JHgasjPR0/J1J3DRm4KxM4zTyAj4IOJY8vIl75v/kPI=",
        "owner": "numtide",
        "repo": "flake-utils",
        "rev": "997f7efcb746a9c140ce1f13c72263189225f482",
        "type": "github"
      },
      "original": {
        "owner": "numtide",
        "repo": "flake-utils",
        "type": "github"
      }
    },
    "impermanence": {
      "locked": {
        "lastModified": 1611747548,
        "narHash": "sha256-2z5wmWda1uI4IkTZrW52jiHq3bzhYLc+GgjvaSd544M=",
        "owner": "nix-community",
        "repo": "impermanence",
        "rev": "58558845bc68dcf2bb32caa80564f7fe3f6cbc61",
        "type": "github"
      },
      "original": {
        "owner": "nix-community",
        "repo": "impermanence",
        "type": "github"
      }
    },
    "naersk": {
      "inputs": {
        "nixpkgs": [
          "nixpkgs"
        ]
      },
      "locked": {
        "lastModified": 1622810282,
        "narHash": "sha256-4wmvM3/xfD0hCdNDIXVzRMfL4yB1J+DjH6Zte2xbAxk=",
        "owner": "nmattia",
        "repo": "naersk",
        "rev": "e8061169e1495871b56be97c5c51d310fae01374",
        "type": "github"
      },
      "original": {
        "owner": "nmattia",
        "ref": "master",
        "repo": "naersk",
        "type": "github"
      }
    },
    "nixbot": {
      "inputs": {
        "flake-utils": [
          "flake-utils"
        ],
        "nixpkgs": "nixpkgs"
      },
      "locked": {
        "lastModified": 1622908748,
        "narHash": "sha256-IaRrYREmHLxxtu8rz3MQV2yJQZ7e6QqW2L4tWurx0QQ=",
        "owner": "Ninlives",
        "repo": "nixbot-telegram",
        "rev": "c463a41ad7ce8bbb976d7e2a4d970569ea22f5e6",
        "type": "github"
      },
      "original": {
        "owner": "Ninlives",
        "repo": "nixbot-telegram",
        "type": "github"
      }
    },
    "nixpkgs": {
      "locked": {
        "lastModified": 1596045977,
        "narHash": "sha256-0h5ylQcPZDeKJfUaXKo2vgsqYAbBpH1F2RA1H7r/Aro=",
        "owner": "NixOS",
        "repo": "nixpkgs",
        "rev": "1526f4534d360eb654e012fe2225235ad42b804e",
        "type": "github"
      },
      "original": {
        "owner": "NixOS",
        "repo": "nixpkgs",
        "type": "github"
      }
    },
    "nixpkgs_2": {
      "locked": {
        "lastModified": 1630005753,
        "narHash": "sha256-kjykA06mptjxSnes6uKJAv2/E8T5jUyZSfuqZMZIbLg=",
        "owner": "NixOS",
        "repo": "nixpkgs",
        "rev": "e9d194e0a9efd15c544abcc0028a08e36e1cc40f",
        "type": "github"
      },
      "original": {
        "owner": "NixOS",
        "ref": "nixos-unstable-small",
        "repo": "nixpkgs",
        "type": "github"
      }
    },
    "root": {
      "inputs": {
        "deploy-rs": "deploy-rs",
        "flake-utils": "flake-utils",
        "impermanence": "impermanence",
        "nixbot": "nixbot",
        "nixpkgs": "nixpkgs_2",
        "sops-nix": "sops-nix"
      }
    },
    "sops-nix": {
      "inputs": {
        "nixpkgs": [
          "nixpkgs"
        ]
      },
      "locked": {
        "lastModified": 1630005503,
        "narHash": "sha256-OnP7xLaRH4y7u9SiZiugFNNutHJah7HiN09gF8gRMeA=",
        "owner": "Mic92",
        "repo": "sops-nix",
        "rev": "0d4bdc1c21b96462ecd7b93564369f6ff900bd83",
        "type": "github"
      },
      "original": {
        "owner": "Mic92",
        "repo": "sops-nix",
        "type": "github"
      }
    }
  },
  "root": "root",
  "version": 7
}
